<Solution>
  <Folder Name="/src/">
    <Project Path="src/Playhead/Playhead.csproj" />
</Folder>
  <Folder Name="/samples/">
    <Project Path="samples/Playhead.Sample.CLI/Playhead.Sample.CLI.csproj" />
    <Project Path="samples/Playhead.Sample.CLI.FX462/Playhead.Sample.CLI.FX462.csproj" />
    <Project Path="samples/Playhead.Sample.UWP/Playhead.Sample.UWP.csproj" Id="d47aeec2-aefe-466c-b413-2d04fc678ec1" />
  </Folder>
</Solution>
